// !$*UTF8*$!
{
	archiveVersion = 1;
	classes = {
	};
	objectVersion = 56;
	objects = {

/* Begin PBXBuildFile section */
		A73B70E72997D69100FD64DE /* AppDelegate.swift in Sources */ = {isa = PBXBuildFile; fileRef = A73B70E62997D69100FD64DE /* AppDelegate.swift */; };
		A73B70E92997D69100FD64DE /* SceneDelegate.swift in Sources */ = {isa = PBXBuildFile; fileRef = A73B70E82997D69100FD64DE /* SceneDelegate.swift */; };
		A73B70EB2997D69100FD64DE /* DeclarationViewController.swift in Sources */ = {isa = PBXBuildFile; fileRef = A73B70EA2997D69100FD64DE /* DeclarationViewController.swift */; };
		A73B70F02997D69400FD64DE /* Assets.xcassets in Resources */ = {isa = PBXBuildFile; fileRef = A73B70EF2997D69400FD64DE /* Assets.xcassets */; };
		A73B70F32997D69400FD64DE /* LaunchScreen.storyboard in Resources */ = {isa = PBXBuildFile; fileRef = A73B70F12997D69400FD64DE /* LaunchScreen.storyboard */; };
		A79DFE522998FB8E009EA831 /* DeclarationService.swift in Sources */ = {isa = PBXBuildFile; fileRef = A79DFE512998FB8D009EA831 /* DeclarationService.swift */; };
		A79DFE5A2998FFDC009EA831 /* AKORTests.swift in Sources */ = {isa = PBXBuildFile; fileRef = A79DFE592998FFDC009EA831 /* AKORTests.swift */; };
		A79DFE6129990094009EA831 /* DeclarationServiceTests.swift in Sources */ = {isa = PBXBuildFile; fileRef = A79DFE6029990094009EA831 /* DeclarationServiceTests.swift */; };
/* End PBXBuildFile section */

/* Begin PBXContainerItemProxy section */
		A79DFE5B2998FFDC009EA831 /* PBXContainerItemProxy */ = {
			isa = PBXContainerItemProxy;
			containerPortal = A73B70DB2997D69100FD64DE /* Project object */;
			proxyType = 1;
			remoteGlobalIDString = A73B70E22997D69100FD64DE;
			remoteInfo = AKOR;
		};
/* End PBXContainerItemProxy section */

/* Begin PBXFileReference section */
		A73B70E32997D69100FD64DE /* AKOR.app */ = {isa = PBXFileReference; explicitFileType = wrapper.application; includeInIndex = 0; path = AKOR.app; sourceTree = BUILT_PRODUCTS_DIR; };
		A73B70E62997D69100FD64DE /* AppDelegate.swift */ = {isa = PBXFileReference; lastKnownFileType = sourcecode.swift; path = AppDelegate.swift; sourceTree = "<group>"; };
		A73B70E82997D69100FD64DE /* SceneDelegate.swift */ = {isa = PBXFileReference; lastKnownFileType = sourcecode.swift; path = SceneDelegate.swift; sourceTree = "<group>"; };
		A73B70EA2997D69100FD64DE /* DeclarationViewController.swift */ = {isa = PBXFileReference; lastKnownFileType = sourcecode.swift; path = DeclarationViewController.swift; sourceTree = "<group>"; };
		A73B70EF2997D69400FD64DE /* Assets.xcassets */ = {isa = PBXFileReference; lastKnownFileType = folder.assetcatalog; path = Assets.xcassets; sourceTree = "<group>"; };
		A73B70F22997D69400FD64DE /* Base */ = {isa = PBXFileReference; lastKnownFileType = file.storyboard; name = Base; path = Base.lproj/LaunchScreen.storyboard; sourceTree = "<group>"; };
		A73B70F42997D69400FD64DE /* Info.plist */ = {isa = PBXFileReference; lastKnownFileType = text.plist.xml; path = Info.plist; sourceTree = "<group>"; };
		A79DFE512998FB8D009EA831 /* DeclarationService.swift */ = {isa = PBXFileReference; lastKnownFileType = sourcecode.swift; path = DeclarationService.swift; sourceTree = "<group>"; };
		A79DFE572998FFDC009EA831 /* AKORTests.xctest */ = {isa = PBXFileReference; explicitFileType = wrapper.cfbundle; includeInIndex = 0; path = AKORTests.xctest; sourceTree = BUILT_PRODUCTS_DIR; };
		A79DFE592998FFDC009EA831 /* AKORTests.swift */ = {isa = PBXFileReference; lastKnownFileType = sourcecode.swift; path = AKORTests.swift; sourceTree = "<group>"; };
		A79DFE6029990094009EA831 /* DeclarationServiceTests.swift */ = {isa = PBXFileReference; lastKnownFileType = sourcecode.swift; path = DeclarationServiceTests.swift; sourceTree = "<group>"; };
/* End PBXFileReference section */

/* Begin PBXFrameworksBuildPhase section */
		A73B70E02997D69100FD64DE /* Frameworks */ = {
			isa = PBXFrameworksBuildPhase;
			buildActionMask = 2147483647;
			files = (
			);
			runOnlyForDeploymentPostprocessing = 0;
		};
		A79DFE542998FFDC009EA831 /* Frameworks */ = {
			isa = PBXFrameworksBuildPhase;
			buildActionMask = 2147483647;
			files = (
			);
			runOnlyForDeploymentPostprocessing = 0;
		};
/* End PBXFrameworksBuildPhase section */

/* Begin PBXGroup section */
		A73B70DA2997D69100FD64DE = {
			isa = PBXGroup;
			children = (
				A73B70E52997D69100FD64DE /* AKOR */,
				A79DFE582998FFDC009EA831 /* AKORTests */,
				A73B70E42997D69100FD64DE /* Products */,
			);
			sourceTree = "<group>";
		};
		A73B70E42997D69100FD64DE /* Products */ = {
			isa = PBXGroup;
			children = (
				A73B70E32997D69100FD64DE /* AKOR.app */,
				A79DFE572998FFDC009EA831 /* AKORTests.xctest */,
			);
			name = Products;
			sourceTree = "<group>";
		};
		A73B70E52997D69100FD64DE /* AKOR */ = {
			isa = PBXGroup;
			children = (
				A73B70EA2997D69100FD64DE /* DeclarationViewController.swift */,
				A79DFE512998FB8D009EA831 /* DeclarationService.swift */,
				A73B70F42997D69400FD64DE /* Info.plist */,
				A79DFE622999223D009EA831 /* App */,
				A79DFE6329992246009EA831 /* Resources */,
			);
			path = AKOR;
			sourceTree = "<group>";
		};
		A79DFE582998FFDC009EA831 /* AKORTests */ = {
			isa = PBXGroup;
			children = (
				A79DFE592998FFDC009EA831 /* AKORTests.swift */,
				A79DFE6029990094009EA831 /* DeclarationServiceTests.swift */,
			);
			path = AKORTests;
			sourceTree = "<group>";
		};
		A79DFE622999223D009EA831 /* App */ = {
			isa = PBXGroup;
			children = (
				A73B70E62997D69100FD64DE /* AppDelegate.swift */,
				A73B70E82997D69100FD64DE /* SceneDelegate.swift */,
			);
			path = App;
			sourceTree = "<group>";
		};
		A79DFE6329992246009EA831 /* Resources */ = {
			isa = PBXGroup;
			children = (
				A73B70F12997D69400FD64DE /* LaunchScreen.storyboard */,
				A73B70EF2997D69400FD64DE /* Assets.xcassets */,
			);
			path = Resources;
			sourceTree = "<group>";
		};
/* End PBXGroup section */

/* Begin PBXNativeTarget section */
		A73B70E22997D69100FD64DE /* AKOR */ = {
			isa = PBXNativeTarget;
			buildConfigurationList = A73B70F72997D69400FD64DE /* Build configuration list for PBXNativeTarget "AKOR" */;
			buildPhases = (
				A73B70DF2997D69100FD64DE /* Sources */,
				A73B70E02997D69100FD64DE /* Frameworks */,
				A73B70E12997D69100FD64DE /* Resources */,
			);
			buildRules = (
			);
			dependencies = (
			);
			name = AKOR;
			productName = AKOR;
			productReference = A73B70E32997D69100FD64DE /* AKOR.app */;
			productType = "com.apple.product-type.application";
		};
		A79DFE562998FFDC009EA831 /* AKORTests */ = {
			isa = PBXNativeTarget;
			buildConfigurationList = A79DFE5D2998FFDC009EA831 /* Build configuration list for PBXNativeTarget "AKORTests" */;
			buildPhases = (
				A79DFE532998FFDC009EA831 /* Sources */,
				A79DFE542998FFDC009EA831 /* Frameworks */,
				A79DFE552998FFDC009EA831 /* Resources */,
			);
			buildRules = (
			);
			dependencies = (
				A79DFE5C2998FFDC009EA831 /* PBXTargetDependency */,
			);
			name = AKORTests;
			productName = AKORTests;
			productReference = A79DFE572998FFDC009EA831 /* AKORTests.xctest */;
			productType = "com.apple.product-type.bundle.unit-test";
		};
/* End PBXNativeTarget section */

/* Begin PBXProject section */
		A73B70DB2997D69100FD64DE /* Project object */ = {
			isa = PBXProject;
			attributes = {
				BuildIndependentTargetsInParallel = 1;
				LastSwiftUpdateCheck = 1420;
				LastUpgradeCheck = 1420;
				TargetAttributes = {
					A73B70E22997D69100FD64DE = {
						CreatedOnToolsVersion = 14.2;
					};
					A79DFE562998FFDC009EA831 = {
						CreatedOnToolsVersion = 14.2;
						TestTargetID = A73B70E22997D69100FD64DE;
					};
				};
			};
			buildConfigurationList = A73B70DE2997D69100FD64DE /* Build configuration list for PBXProject "AKOR" */;
			compatibilityVersion = "Xcode 14.0";
			developmentRegion = en;
			hasScannedForEncodings = 0;
			knownRegions = (
				en,
				Base,
			);
			mainGroup = A73B70DA2997D69100FD64DE;
			productRefGroup = A73B70E42997D69100FD64DE /* Products */;
			projectDirPath = "";
			projectRoot = "";
			targets = (
				A73B70E22997D69100FD64DE /* AKOR */,
				A79DFE562998FFDC009EA831 /* AKORTests */,
			);
		};
/* End PBXProject section */

/* Begin PBXResourcesBuildPhase section */
		A73B70E12997D69100FD64DE /* Resources */ = {
			isa = PBXResourcesBuildPhase;
			buildActionMask = 2147483647;
			files = (
				A73B70F32997D69400FD64DE /* LaunchScreen.storyboard in Resources */,
				A73B70F02997D69400FD64DE /* Assets.xcassets in Resources */,
			);
			runOnlyForDeploymentPostprocessing = 0;
		};
		A79DFE552998FFDC009EA831 /* Resources */ = {
			isa = PBXResourcesBuildPhase;
			buildActionMask = 2147483647;
			files = (
			);
			runOnlyForDeploymentPostprocessing = 0;
		};
/* End PBXResourcesBuildPhase section */

/* Begin PBXSourcesBuildPhase section */
		A73B70DF2997D69100FD64DE /* Sources */ = {
			isa = PBXSourcesBuildPhase;
			buildActionMask = 2147483647;
			files = (
				A73B70EB2997D69100FD64DE /* DeclarationViewController.swift in Sources */,
				A73B70E72997D69100FD64DE /* AppDelegate.swift in Sources */,
				A79DFE522998FB8E009EA831 /* DeclarationService.swift in Sources */,
				A73B70E92997D69100FD64DE /* SceneDelegate.swift in Sources */,
			);
			runOnlyForDeploymentPostprocessing = 0;
		};
		A79DFE532998FFDC009EA831 /* Sources */ = {
			isa = PBXSourcesBuildPhase;
			buildActionMask = 2147483647;
			files = (
				A79DFE6129990094009EA831 /* DeclarationServiceTests.swift in Sources */,
				A79DFE5A2998FFDC009EA831 /* AKORTests.swift in Sources */,
			);
			runOnlyForDeploymentPostprocessing = 0;
		};
/* End PBXSourcesBuildPhase section */

/* Begin PBXTargetDependency section */
		A79DFE5C2998FFDC009EA831 /* PBXTargetDependency */ = {
			isa = PBXTargetDependency;
			target = A73B70E22997D69100FD64DE /* AKOR */;
			targetProxy = A79DFE5B2998FFDC009EA831 /* PBXContainerItemProxy */;
		};
/* End PBXTargetDependency section */

/* Begin PBXVariantGroup section */
		A73B70F12997D69400FD64DE /* LaunchScreen.storyboard */ = {
			isa = PBXVariantGroup;
			children = (
				A73B70F22997D69400FD64DE /* Base */,
			);
			name = LaunchScreen.storyboard;
			sourceTree = "<group>";
		};
/* End PBXVariantGroup section */

/* Begin XCBuildConfiguration section */
		A73B70F52997D69400FD64DE /* Debug */ = {
			isa = XCBuildConfiguration;
			buildSettings = {
				ALWAYS_SEARCH_USER_PATHS = NO;
				CLANG_ANALYZER_NONNULL = YES;
				CLANG_ANALYZER_NUMBER_OBJECT_CONVERSION = YES_AGGRESSIVE;
				CLANG_CXX_LANGUAGE_STANDARD = "gnu++20";
				CLANG_ENABLE_MODULES = YES;
				CLANG_ENABLE_OBJC_ARC = YES;
				CLANG_ENABLE_OBJC_WEAK = YES;
				CLANG_WARN_BLOCK_CAPTURE_AUTORELEASING = YES;
				CLANG_WARN_BOOL_CONVERSION = YES;
				CLANG_WARN_COMMA = YES;
				CLANG_WARN_CONSTANT_CONVERSION = YES;
				CLANG_WARN_DEPRECATED_OBJC_IMPLEMENTATIONS = YES;
				CLANG_WARN_DIRECT_OBJC_ISA_USAGE = YES_ERROR;
				CLANG_WARN_DOCUMENTATION_COMMENTS = YES;
				CLANG_WARN_EMPTY_BODY = YES;
				CLANG_WARN_ENUM_CONVERSION = YES;
				CLANG_WARN_INFINITE_RECURSION = YES;
				CLANG_WARN_INT_CONVERSION = YES;
				CLANG_WARN_NON_LITERAL_NULL_CONVERSION = YES;
				CLANG_WARN_OBJC_IMPLICIT_RETAIN_SELF = YES;
				CLANG_WARN_OBJC_LITERAL_CONVERSION = YES;
				CLANG_WARN_OBJC_ROOT_CLASS = YES_ERROR;
				CLANG_WARN_QUOTED_INCLUDE_IN_FRAMEWORK_HEADER = YES;
				CLANG_WARN_RANGE_LOOP_ANALYSIS = YES;
				CLANG_WARN_STRICT_PROTOTYPES = YES;
				CLANG_WARN_SUSPICIOUS_MOVE = YES;
				CLANG_WARN_UNGUARDED_AVAILABILITY = YES_AGGRESSIVE;
				CLANG_WARN_UNREACHABLE_CODE = YES;
				CLANG_WARN__DUPLICATE_METHOD_MATCH = YES;
				COPY_PHASE_STRIP = NO;
				DEBUG_INFORMATION_FORMAT = dwarf;
				ENABLE_STRICT_OBJC_MSGSEND = YES;
				ENABLE_TESTABILITY = YES;
				GCC_C_LANGUAGE_STANDARD = gnu11;
				GCC_DYNAMIC_NO_PIC = NO;
				GCC_NO_COMMON_BLOCKS = YES;
				GCC_OPTIMIZATION_LEVEL = 0;
				GCC_PREPROCESSOR_DEFINITIONS = (
					"DEBUG=1",
					"$(inherited)",
				);
				GCC_WARN_64_TO_32_BIT_CONVERSION = YES;
				GCC_WARN_ABOUT_RETURN_TYPE = YES_ERROR;
				GCC_WARN_UNDECLARED_SELECTOR = YES;
				GCC_WARN_UNINITIALIZED_AUTOS = YES_AGGRESSIVE;
				GCC_WARN_UNUSED_FUNCTION = YES;
				GCC_WARN_UNUSED_VARIABLE = YES;
				IPHONEOS_DEPLOYMENT_TARGET = 16.2;
				MTL_ENABLE_DEBUG_INFO = INCLUDE_SOURCE;
				MTL_FAST_MATH = YES;
				ONLY_ACTIVE_ARCH = YES;
				SDKROOT = iphoneos;
				SWIFT_ACTIVE_COMPILATION_CONDITIONS = DEBUG;
				SWIFT_OPTIMIZATION_LEVEL = "-Onone";
			};
			name = Debug;
		};
		A73B70F62997D69400FD64DE /* Release */ = {
			isa = XCBuildConfiguration;
			buildSettings = {
				ALWAYS_SEARCH_USER_PATHS = NO;
				CLANG_ANALYZER_NONNULL = YES;
				CLANG_ANALYZER_NUMBER_OBJECT_CONVERSION = YES_AGGRESSIVE;
				CLANG_CXX_LANGUAGE_STANDARD = "gnu++20";
				CLANG_ENABLE_MODULES = YES;
				CLANG_ENABLE_OBJC_ARC = YES;
				CLANG_ENABLE_OBJC_WEAK = YES;
				CLANG_WARN_BLOCK_CAPTURE_AUTORELEASING = YES;
				CLANG_WARN_BOOL_CONVERSION = YES;
				CLANG_WARN_COMMA = YES;
				CLANG_WARN_CONSTANT_CONVERSION = YES;
				CLANG_WARN_DEPRECATED_OBJC_IMPLEMENTATIONS = YES;
				CLANG_WARN_DIRECT_OBJC_ISA_USAGE = YES_ERROR;
				CLANG_WARN_DOCUMENTATION_COMMENTS = YES;
				CLANG_WARN_EMPTY_BODY = YES;
				CLANG_WARN_ENUM_CONVERSION = YES;
				CLANG_WARN_INFINITE_RECURSION = YES;
				CLANG_WARN_INT_CONVERSION = YES;
				CLANG_WARN_NON_LITERAL_NULL_CONVERSION = YES;
				CLANG_WARN_OBJC_IMPLICIT_RETAIN_SELF = YES;
				CLANG_WARN_OBJC_LITERAL_CONVERSION = YES;
				CLANG_WARN_OBJC_ROOT_CLASS = YES_ERROR;
				CLANG_WARN_QUOTED_INCLUDE_IN_FRAMEWORK_HEADER = YES;
				CLANG_WARN_RANGE_LOOP_ANALYSIS = YES;
				CLANG_WARN_STRICT_PROTOTYPES = YES;
				CLANG_WARN_SUSPICIOUS_MOVE = YES;
				CLANG_WARN_UNGUARDED_AVAILABILITY = YES_AGGRESSIVE;
				CLANG_WARN_UNREACHABLE_CODE = YES;
				CLANG_WARN__DUPLICATE_METHOD_MATCH = YES;
				COPY_PHASE_STRIP = NO;
				DEBUG_INFORMATION_FORMAT = "dwarf-with-dsym";
				ENABLE_NS_ASSERTIONS = NO;
				ENABLE_STRICT_OBJC_MSGSEND = YES;
				GCC_C_LANGUAGE_STANDARD = gnu11;
				GCC_NO_COMMON_BLOCKS = YES;
				GCC_WARN_64_TO_32_BIT_CONVERSION = YES;
				GCC_WARN_ABOUT_RETURN_TYPE = YES_ERROR;
				GCC_WARN_UNDECLARED_SELECTOR = YES;
				GCC_WARN_UNINITIALIZED_AUTOS = YES_AGGRESSIVE;
				GCC_WARN_UNUSED_FUNCTION = YES;
				GCC_WARN_UNUSED_VARIABLE = YES;
				IPHONEOS_DEPLOYMENT_TARGET = 16.2;
				MTL_ENABLE_DEBUG_INFO = NO;
				MTL_FAST_MATH = YES;
				SDKROOT = iphoneos;
				SWIFT_COMPILATION_MODE = wholemodule;
				SWIFT_OPTIMIZATION_LEVEL = "-O";
				VALIDATE_PRODUCT = YES;
			};
			name = Release;
		};
		A73B70F82997D69400FD64DE /* Debug */ = {
			isa = XCBuildConfiguration;
			buildSettings = {
				ASSETCATALOG_COMPILER_APPICON_NAME = AppIcon;
				ASSETCATALOG_COMPILER_GLOBAL_ACCENT_COLOR_NAME = AccentColor;
				CODE_SIGN_STYLE = Automatic;
				CURRENT_PROJECT_VERSION = 1;
				DEVELOPMENT_TEAM = RZB5WTQ7UH;
				GENERATE_INFOPLIST_FILE = YES;
				INFOPLIST_FILE = AKOR/Info.plist;
				INFOPLIST_KEY_UIApplicationSupportsIndirectInputEvents = YES;
				INFOPLIST_KEY_UILaunchStoryboardName = LaunchScreen;
				INFOPLIST_KEY_UIMainStoryboardFile = "";
				INFOPLIST_KEY_UISupportedInterfaceOrientations_iPad = "UIInterfaceOrientationPortrait UIInterfaceOrientationPortraitUpsideDown UIInterfaceOrientationLandscapeLeft UIInterfaceOrientationLandscapeRight";
				INFOPLIST_KEY_UISupportedInterfaceOrientations_iPhone = "UIInterfaceOrientationPortrait UIInterfaceOrientationLandscapeLeft UIInterfaceOrientationLandscapeRight";
				LD_RUNPATH_SEARCH_PATHS = (
					"$(inherited)",
					"@executable_path/Frameworks",
				);
				MARKETING_VERSION = 1.0;
				PRODUCT_BUNDLE_IDENTIFIER = com.hakanor.AKOR;
				PRODUCT_NAME = "$(TARGET_NAME)";
				SWIFT_EMIT_LOC_STRINGS = YES;
				SWIFT_VERSION = 5.0;
				TARGETED_DEVICE_FAMILY = "1,2";
			};
			name = Debug;
		};
		A73B70F92997D69400FD64DE /* Release */ = {
			isa = XCBuildConfiguration;
			buildSettings = {
				ASSETCATALOG_COMPILER_APPICON_NAME = AppIcon;
				ASSETCATALOG_COMPILER_GLOBAL_ACCENT_COLOR_NAME = AccentColor;
				CODE_SIGN_STYLE = Automatic;
				CURRENT_PROJECT_VERSION = 1;
				DEVELOPMENT_TEAM = RZB5WTQ7UH;
				GENERATE_INFOPLIST_FILE = YES;
				INFOPLIST_FILE = AKOR/Info.plist;
				INFOPLIST_KEY_UIApplicationSupportsIndirectInputEvents = YES;
				INFOPLIST_KEY_UILaunchStoryboardName = LaunchScreen;
				INFOPLIST_KEY_UIMainStoryboardFile = "";
				INFOPLIST_KEY_UISupportedInterfaceOrientations_iPad = "UIInterfaceOrientationPortrait UIInterfaceOrientationPortraitUpsideDown UIInterfaceOrientationLandscapeLeft UIInterfaceOrientationLandscapeRight";
				INFOPLIST_KEY_UISupportedInterfaceOrientations_iPhone = "UIInterfaceOrientationPortrait UIInterfaceOrientationLandscapeLeft UIInterfaceOrientationLandscapeRight";
				LD_RUNPATH_SEARCH_PATHS = (
					"$(inherited)",
					"@executable_path/Frameworks",
				);
				MARKETING_VERSION = 1.0;
				PRODUCT_BUNDLE_IDENTIFIER = com.hakanor.AKOR;
				PRODUCT_NAME = "$(TARGET_NAME)";
				SWIFT_EMIT_LOC_STRINGS = YES;
				SWIFT_VERSION = 5.0;
				TARGETED_DEVICE_FAMILY = "1,2";
			};
			name = Release;
		};
		A79DFE5E2998FFDC009EA831 /* Debug */ = {
			isa = XCBuildConfiguration;
			buildSettings = {
				BUNDLE_LOADER = "$(TEST_HOST)";
				CODE_SIGN_STYLE = Automatic;
				CURRENT_PROJECT_VERSION = 1;
				DEVELOPMENT_TEAM = RZB5WTQ7UH;
				GENERATE_INFOPLIST_FILE = YES;
				MARKETING_VERSION = 1.0;
				PRODUCT_BUNDLE_IDENTIFIER = com.hakanor.AKORTests;
				PRODUCT_NAME = "$(TARGET_NAME)";
				SWIFT_EMIT_LOC_STRINGS = NO;
				SWIFT_VERSION = 5.0;
				TARGETED_DEVICE_FAMILY = "1,2";
				TEST_HOST = "$(BUILT_PRODUCTS_DIR)/AKOR.app/$(BUNDLE_EXECUTABLE_FOLDER_PATH)/AKOR";
			};
			name = Debug;
		};
		A79DFE5F2998FFDC009EA831 /* Release */ = {
			isa = XCBuildConfiguration;
			buildSettings = {
				BUNDLE_LOADER = "$(TEST_HOST)";
				CODE_SIGN_STYLE = Automatic;
				CURRENT_PROJECT_VERSION = 1;
				DEVELOPMENT_TEAM = RZB5WTQ7UH;
				GENERATE_INFOPLIST_FILE = YES;
				MARKETING_VERSION = 1.0;
				PRODUCT_BUNDLE_IDENTIFIER = com.hakanor.AKORTests;
				PRODUCT_NAME = "$(TARGET_NAME)";
				SWIFT_EMIT_LOC_STRINGS = NO;
				SWIFT_VERSION = 5.0;
				TARGETED_DEVICE_FAMILY = "1,2";
				TEST_HOST = "$(BUILT_PRODUCTS_DIR)/AKOR.app/$(BUNDLE_EXECUTABLE_FOLDER_PATH)/AKOR";
			};
			name = Release;
		};
/* End XCBuildConfiguration section */

/* Begin XCConfigurationList section */
		A73B70DE2997D69100FD64DE /* Build configuration list for PBXProject "AKOR" */ = {
			isa = XCConfigurationList;
			buildConfigurations = (
				A73B70F52997D69400FD64DE /* Debug */,
				A73B70F62997D69400FD64DE /* Release */,
			);
			defaultConfigurationIsVisible = 0;
			defaultConfigurationName = Release;
		};
		A73B70F72997D69400FD64DE /* Build configuration list for PBXNativeTarget "AKOR" */ = {
			isa = XCConfigurationList;
			buildConfigurations = (
				A73B70F82997D69400FD64DE /* Debug */,
				A73B70F92997D69400FD64DE /* Release */,
			);
			defaultConfigurationIsVisible = 0;
			defaultConfigurationName = Release;
		};
		A79DFE5D2998FFDC009EA831 /* Build configuration list for PBXNativeTarget "AKORTests" */ = {
			isa = XCConfigurationList;
			buildConfigurations = (
				A79DFE5E2998FFDC009EA831 /* Debug */,
				A79DFE5F2998FFDC009EA831 /* Release */,
			);
			defaultConfigurationIsVisible = 0;
			defaultConfigurationName = Release;
		};
/* End XCConfigurationList section */
	};
	rootObject = A73B70DB2997D69100FD64DE /* Project object */;
}
